// !$*UTF8*$!
{
	archiveVersion = 1;
	classes = {
	};
	objectVersion = 50;
	objects = {

/* Begin PBXBuildFile section */
		E87AEC0A25F019830019B332 /* GFTextField.swift in Sources */ = {isa = PBXBuildFile; fileRef = E87AEC0925F019830019B332 /* GFTextField.swift */; };
		E87AEC0E25F029020019B332 /* KeyboardExtension.swift in Sources */ = {isa = PBXBuildFile; fileRef = E87AEC0D25F029020019B332 /* KeyboardExtension.swift */; };
		E87AEC1525F036120019B332 /* FollowersListVC.swift in Sources */ = {isa = PBXBuildFile; fileRef = E87AEC1425F036120019B332 /* FollowersListVC.swift */; };
		E8BE39A425EFEA8C0066A835 /* GFButton.swift in Sources */ = {isa = PBXBuildFile; fileRef = E8BE39A325EFEA8C0066A835 /* GFButton.swift */; };
		E8DD460925EEE4C700884392 /* AppDelegate.swift in Sources */ = {isa = PBXBuildFile; fileRef = E8DD460825EEE4C700884392 /* AppDelegate.swift */; };
		E8DD460B25EEE4C700884392 /* SceneDelegate.swift in Sources */ = {isa = PBXBuildFile; fileRef = E8DD460A25EEE4C700884392 /* SceneDelegate.swift */; };
		E8DD460D25EEE4C700884392 /* FavoritesVC.swift in Sources */ = {isa = PBXBuildFile; fileRef = E8DD460C25EEE4C700884392 /* FavoritesVC.swift */; };
		E8DD461225EEE4CA00884392 /* Assets.xcassets in Resources */ = {isa = PBXBuildFile; fileRef = E8DD461125EEE4CA00884392 /* Assets.xcassets */; };
		E8DD461525EEE4CA00884392 /* LaunchScreen.storyboard in Resources */ = {isa = PBXBuildFile; fileRef = E8DD461325EEE4CA00884392 /* LaunchScreen.storyboard */; };
		E8DD462225EEEB1A00884392 /* SearchVC.swift in Sources */ = {isa = PBXBuildFile; fileRef = E8DD462125EEEB1A00884392 /* SearchVC.swift */; };
/* End PBXBuildFile section */

/* Begin PBXFileReference section */
		E87AEC0925F019830019B332 /* GFTextField.swift */ = {isa = PBXFileReference; lastKnownFileType = sourcecode.swift; path = GFTextField.swift; sourceTree = "<group>"; };
		E87AEC0D25F029020019B332 /* KeyboardExtension.swift */ = {isa = PBXFileReference; lastKnownFileType = sourcecode.swift; path = KeyboardExtension.swift; sourceTree = "<group>"; };
		E87AEC1425F036120019B332 /* FollowersListVC.swift */ = {isa = PBXFileReference; lastKnownFileType = sourcecode.swift; path = FollowersListVC.swift; sourceTree = "<group>"; };
		E8BE39A325EFEA8C0066A835 /* GFButton.swift */ = {isa = PBXFileReference; lastKnownFileType = sourcecode.swift; path = GFButton.swift; sourceTree = "<group>"; };
		E8DD460525EEE4C700884392 /* GitFollowers.app */ = {isa = PBXFileReference; explicitFileType = wrapper.application; includeInIndex = 0; path = GitFollowers.app; sourceTree = BUILT_PRODUCTS_DIR; };
		E8DD460825EEE4C700884392 /* AppDelegate.swift */ = {isa = PBXFileReference; lastKnownFileType = sourcecode.swift; path = AppDelegate.swift; sourceTree = "<group>"; };
		E8DD460A25EEE4C700884392 /* SceneDelegate.swift */ = {isa = PBXFileReference; lastKnownFileType = sourcecode.swift; path = SceneDelegate.swift; sourceTree = "<group>"; };
		E8DD460C25EEE4C700884392 /* FavoritesVC.swift */ = {isa = PBXFileReference; lastKnownFileType = sourcecode.swift; path = FavoritesVC.swift; sourceTree = "<group>"; };
		E8DD461125EEE4CA00884392 /* Assets.xcassets */ = {isa = PBXFileReference; lastKnownFileType = folder.assetcatalog; path = Assets.xcassets; sourceTree = "<group>"; };
		E8DD461425EEE4CA00884392 /* Base */ = {isa = PBXFileReference; lastKnownFileType = file.storyboard; name = Base; path = Base.lproj/LaunchScreen.storyboard; sourceTree = "<group>"; };
		E8DD461625EEE4CA00884392 /* Info.plist */ = {isa = PBXFileReference; lastKnownFileType = text.plist.xml; path = Info.plist; sourceTree = "<group>"; };
		E8DD462125EEEB1A00884392 /* SearchVC.swift */ = {isa = PBXFileReference; lastKnownFileType = sourcecode.swift; path = SearchVC.swift; sourceTree = "<group>"; };
/* End PBXFileReference section */

/* Begin PBXFrameworksBuildPhase section */
		E8DD460225EEE4C700884392 /* Frameworks */ = {
			isa = PBXFrameworksBuildPhase;
			buildActionMask = 2147483647;
			files = (
			);
			runOnlyForDeploymentPostprocessing = 0;
		};
/* End PBXFrameworksBuildPhase section */

/* Begin PBXGroup section */
		E87AEC0C25F028D90019B332 /* extension */ = {
			isa = PBXGroup;
			children = (
				E87AEC0D25F029020019B332 /* KeyboardExtension.swift */,
			);
			path = extension;
			sourceTree = "<group>";
		};
		E8BE39A225EFE86E0066A835 /* support-files */ = {
			isa = PBXGroup;
			children = (
				E8DD461325EEE4CA00884392 /* LaunchScreen.storyboard */,
				E8DD461625EEE4CA00884392 /* Info.plist */,
				E8DD461125EEE4CA00884392 /* Assets.xcassets */,
			);
			path = "support-files";
			sourceTree = "<group>";
		};
		E8BE39A725EFEA930066A835 /* custom */ = {
			isa = PBXGroup;
			children = (
				E8BE39A325EFEA8C0066A835 /* GFButton.swift */,
				E87AEC0925F019830019B332 /* GFTextField.swift */,
			);
			path = custom;
			sourceTree = "<group>";
		};
		E8DD45FC25EEE4C700884392 = {
			isa = PBXGroup;
			children = (
				E8DD460725EEE4C700884392 /* GitFollowers */,
				E8DD460625EEE4C700884392 /* Products */,
			);
			sourceTree = "<group>";
		};
		E8DD460625EEE4C700884392 /* Products */ = {
			isa = PBXGroup;
			children = (
				E8DD460525EEE4C700884392 /* GitFollowers.app */,
			);
			name = Products;
			sourceTree = "<group>";
		};
		E8DD460725EEE4C700884392 /* GitFollowers */ = {
			isa = PBXGroup;
			children = (
				E87AEC0C25F028D90019B332 /* extension */,
				E8BE39A725EFEA930066A835 /* custom */,
				E8BE39A225EFE86E0066A835 /* support-files */,
				E8DD462425EEEB1F00884392 /* view-controller */,
				E8DD460825EEE4C700884392 /* AppDelegate.swift */,
				E8DD460A25EEE4C700884392 /* SceneDelegate.swift */,
			);
			path = GitFollowers;
			sourceTree = "<group>";
		};
		E8DD462425EEEB1F00884392 /* view-controller */ = {
			isa = PBXGroup;
			children = (
				E8DD462125EEEB1A00884392 /* SearchVC.swift */,
				E8DD460C25EEE4C700884392 /* FavoritesVC.swift */,
				E87AEC1425F036120019B332 /* FollowersListVC.swift */,
			);
			path = "view-controller";
			sourceTree = "<group>";
		};
/* End PBXGroup section */

/* Begin PBXNativeTarget section */
		E8DD460425EEE4C700884392 /* GitFollowers */ = {
			isa = PBXNativeTarget;
			buildConfigurationList = E8DD461925EEE4CA00884392 /* Build configuration list for PBXNativeTarget "GitFollowers" */;
			buildPhases = (
				E8DD460125EEE4C700884392 /* Sources */,
				E8DD460225EEE4C700884392 /* Frameworks */,
				E8DD460325EEE4C700884392 /* Resources */,
			);
			buildRules = (
			);
			dependencies = (
			);
			name = GitFollowers;
			productName = GitFollowers;
			productReference = E8DD460525EEE4C700884392 /* GitFollowers.app */;
			productType = "com.apple.product-type.application";
		};
/* End PBXNativeTarget section */

/* Begin PBXProject section */
		E8DD45FD25EEE4C700884392 /* Project object */ = {
			isa = PBXProject;
			attributes = {
				LastSwiftUpdateCheck = 1240;
				LastUpgradeCheck = 1240;
				TargetAttributes = {
					E8DD460425EEE4C700884392 = {
						CreatedOnToolsVersion = 12.4;
					};
				};
			};
			buildConfigurationList = E8DD460025EEE4C700884392 /* Build configuration list for PBXProject "GitFollowers" */;
			compatibilityVersion = "Xcode 9.3";
			developmentRegion = en;
			hasScannedForEncodings = 0;
			knownRegions = (
				en,
				Base,
			);
			mainGroup = E8DD45FC25EEE4C700884392;
			productRefGroup = E8DD460625EEE4C700884392 /* Products */;
			projectDirPath = "";
			projectRoot = "";
			targets = (
				E8DD460425EEE4C700884392 /* GitFollowers */,
			);
		};
/* End PBXProject section */

/* Begin PBXResourcesBuildPhase section */
		E8DD460325EEE4C700884392 /* Resources */ = {
			isa = PBXResourcesBuildPhase;
			buildActionMask = 2147483647;
			files = (
				E8DD461525EEE4CA00884392 /* LaunchScreen.storyboard in Resources */,
				E8DD461225EEE4CA00884392 /* Assets.xcassets in Resources */,
			);
			runOnlyForDeploymentPostprocessing = 0;
		};
/* End PBXResourcesBuildPhase section */

/* Begin PBXSourcesBuildPhase section */
		E8DD460125EEE4C700884392 /* Sources */ = {
			isa = PBXSourcesBuildPhase;
			buildActionMask = 2147483647;
			files = (
				E87AEC0A25F019830019B332 /* GFTextField.swift in Sources */,
				E87AEC0E25F029020019B332 /* KeyboardExtension.swift in Sources */,
				E87AEC1525F036120019B332 /* FollowersListVC.swift in Sources */,
				E8DD462225EEEB1A00884392 /* SearchVC.swift in Sources */,
				E8BE39A425EFEA8C0066A835 /* GFButton.swift in Sources */,
				E8DD460D25EEE4C700884392 /* FavoritesVC.swift in Sources */,
				E8DD460925EEE4C700884392 /* AppDelegate.swift in Sources */,
				E8DD460B25EEE4C700884392 /* SceneDelegate.swift in Sources */,
			);
			runOnlyForDeploymentPostprocessing = 0;
		};
/* End PBXSourcesBuildPhase section */

/* Begin PBXVariantGroup section */
		E8DD461325EEE4CA00884392 /* LaunchScreen.storyboard */ = {
			isa = PBXVariantGroup;
			children = (
				E8DD461425EEE4CA00884392 /* Base */,
			);
			name = LaunchScreen.storyboard;
			sourceTree = "<group>";
		};
/* End PBXVariantGroup section */

/* Begin XCBuildConfiguration section */
		E8DD461725EEE4CA00884392 /* Debug */ = {
			isa = XCBuildConfiguration;
			buildSettings = {
				ALWAYS_SEARCH_USER_PATHS = NO;
				CLANG_ANALYZER_NONNULL = YES;
				CLANG_ANALYZER_NUMBER_OBJECT_CONVERSION = YES_AGGRESSIVE;
				CLANG_CXX_LANGUAGE_STANDARD = "gnu++14";
				CLANG_CXX_LIBRARY = "libc++";
				CLANG_ENABLE_MODULES = YES;
				CLANG_ENABLE_OBJC_ARC = YES;
				CLANG_ENABLE_OBJC_WEAK = YES;
				CLANG_WARN_BLOCK_CAPTURE_AUTORELEASING = YES;
				CLANG_WARN_BOOL_CONVERSION = YES;
				CLANG_WARN_COMMA = YES;
				CLANG_WARN_CONSTANT_CONVERSION = YES;
				CLANG_WARN_DEPRECATED_OBJC_IMPLEMENTATIONS = YES;
				CLANG_WARN_DIRECT_OBJC_ISA_USAGE = YES_ERROR;
				CLANG_WARN_DOCUMENTATION_COMMENTS = YES;
				CLANG_WARN_EMPTY_BODY = YES;
				CLANG_WARN_ENUM_CONVERSION = YES;
				CLANG_WARN_INFINITE_RECURSION = YES;
				CLANG_WARN_INT_CONVERSION = YES;
				CLANG_WARN_NON_LITERAL_NULL_CONVERSION = YES;
				CLANG_WARN_OBJC_IMPLICIT_RETAIN_SELF = YES;
				CLANG_WARN_OBJC_LITERAL_CONVERSION = YES;
				CLANG_WARN_OBJC_ROOT_CLASS = YES_ERROR;
				CLANG_WARN_QUOTED_INCLUDE_IN_FRAMEWORK_HEADER = YES;
				CLANG_WARN_RANGE_LOOP_ANALYSIS = YES;
				CLANG_WARN_STRICT_PROTOTYPES = YES;
				CLANG_WARN_SUSPICIOUS_MOVE = YES;
				CLANG_WARN_UNGUARDED_AVAILABILITY = YES_AGGRESSIVE;
				CLANG_WARN_UNREACHABLE_CODE = YES;
				CLANG_WARN__DUPLICATE_METHOD_MATCH = YES;
				COPY_PHASE_STRIP = NO;
				DEBUG_INFORMATION_FORMAT = dwarf;
				ENABLE_STRICT_OBJC_MSGSEND = YES;
				ENABLE_TESTABILITY = YES;
				GCC_C_LANGUAGE_STANDARD = gnu11;
				GCC_DYNAMIC_NO_PIC = NO;
				GCC_NO_COMMON_BLOCKS = YES;
				GCC_OPTIMIZATION_LEVEL = 0;
				GCC_PREPROCESSOR_DEFINITIONS = (
					"DEBUG=1",
					"$(inherited)",
				);
				GCC_WARN_64_TO_32_BIT_CONVERSION = YES;
				GCC_WARN_ABOUT_RETURN_TYPE = YES_ERROR;
				GCC_WARN_UNDECLARED_SELECTOR = YES;
				GCC_WARN_UNINITIALIZED_AUTOS = YES_AGGRESSIVE;
				GCC_WARN_UNUSED_FUNCTION = YES;
				GCC_WARN_UNUSED_VARIABLE = YES;
				IPHONEOS_DEPLOYMENT_TARGET = 14.4;
				MTL_ENABLE_DEBUG_INFO = INCLUDE_SOURCE;
				MTL_FAST_MATH = YES;
				ONLY_ACTIVE_ARCH = YES;
				SDKROOT = iphoneos;
				SWIFT_ACTIVE_COMPILATION_CONDITIONS = DEBUG;
				SWIFT_OPTIMIZATION_LEVEL = "-Onone";
			};
			name = Debug;
		};
		E8DD461825EEE4CA00884392 /* Release */ = {
			isa = XCBuildConfiguration;
			buildSettings = {
				ALWAYS_SEARCH_USER_PATHS = NO;
				CLANG_ANALYZER_NONNULL = YES;
				CLANG_ANALYZER_NUMBER_OBJECT_CONVERSION = YES_AGGRESSIVE;
				CLANG_CXX_LANGUAGE_STANDARD = "gnu++14";
				CLANG_CXX_LIBRARY = "libc++";
				CLANG_ENABLE_MODULES = YES;
				CLANG_ENABLE_OBJC_ARC = YES;
				CLANG_ENABLE_OBJC_WEAK = YES;
				CLANG_WARN_BLOCK_CAPTURE_AUTORELEASING = YES;
				CLANG_WARN_BOOL_CONVERSION = YES;
				CLANG_WARN_COMMA = YES;
				CLANG_WARN_CONSTANT_CONVERSION = YES;
				CLANG_WARN_DEPRECATED_OBJC_IMPLEMENTATIONS = YES;
				CLANG_WARN_DIRECT_OBJC_ISA_USAGE = YES_ERROR;
				CLANG_WARN_DOCUMENTATION_COMMENTS = YES;
				CLANG_WARN_EMPTY_BODY = YES;
				CLANG_WARN_ENUM_CONVERSION = YES;
				CLANG_WARN_INFINITE_RECURSION = YES;
				CLANG_WARN_INT_CONVERSION = YES;
				CLANG_WARN_NON_LITERAL_NULL_CONVERSION = YES;
				CLANG_WARN_OBJC_IMPLICIT_RETAIN_SELF = YES;
				CLANG_WARN_OBJC_LITERAL_CONVERSION = YES;
				CLANG_WARN_OBJC_ROOT_CLASS = YES_ERROR;
				CLANG_WARN_QUOTED_INCLUDE_IN_FRAMEWORK_HEADER = YES;
				CLANG_WARN_RANGE_LOOP_ANALYSIS = YES;
				CLANG_WARN_STRICT_PROTOTYPES = YES;
				CLANG_WARN_SUSPICIOUS_MOVE = YES;
				CLANG_WARN_UNGUARDED_AVAILABILITY = YES_AGGRESSIVE;
				CLANG_WARN_UNREACHABLE_CODE = YES;
				CLANG_WARN__DUPLICATE_METHOD_MATCH = YES;
				COPY_PHASE_STRIP = NO;
				DEBUG_INFORMATION_FORMAT = "dwarf-with-dsym";
				ENABLE_NS_ASSERTIONS = NO;
				ENABLE_STRICT_OBJC_MSGSEND = YES;
				GCC_C_LANGUAGE_STANDARD = gnu11;
				GCC_NO_COMMON_BLOCKS = YES;
				GCC_WARN_64_TO_32_BIT_CONVERSION = YES;
				GCC_WARN_ABOUT_RETURN_TYPE = YES_ERROR;
				GCC_WARN_UNDECLARED_SELECTOR = YES;
				GCC_WARN_UNINITIALIZED_AUTOS = YES_AGGRESSIVE;
				GCC_WARN_UNUSED_FUNCTION = YES;
				GCC_WARN_UNUSED_VARIABLE = YES;
				IPHONEOS_DEPLOYMENT_TARGET = 14.4;
				MTL_ENABLE_DEBUG_INFO = NO;
				MTL_FAST_MATH = YES;
				SDKROOT = iphoneos;
				SWIFT_COMPILATION_MODE = wholemodule;
				SWIFT_OPTIMIZATION_LEVEL = "-O";
				VALIDATE_PRODUCT = YES;
			};
			name = Release;
		};
		E8DD461A25EEE4CA00884392 /* Debug */ = {
			isa = XCBuildConfiguration;
			buildSettings = {
				ASSETCATALOG_COMPILER_APPICON_NAME = AppIcon;
				ASSETCATALOG_COMPILER_GLOBAL_ACCENT_COLOR_NAME = AccentColor;
				CODE_SIGN_STYLE = Automatic;
				DEVELOPMENT_TEAM = GY2RAXB98B;
				INFOPLIST_FILE = "GitFollowers/support-files/Info.plist";
				IPHONEOS_DEPLOYMENT_TARGET = 13.0;
				LD_RUNPATH_SEARCH_PATHS = (
					"$(inherited)",
					"@executable_path/Frameworks",
				);
				PRODUCT_BUNDLE_IDENTIFIER = com.anakriegers.GitFollowers1;
				PRODUCT_NAME = "$(TARGET_NAME)";
				SWIFT_VERSION = 5.0;
				TARGETED_DEVICE_FAMILY = "1,2";
			};
			name = Debug;
		};
		E8DD461B25EEE4CA00884392 /* Release */ = {
			isa = XCBuildConfiguration;
			buildSettings = {
				ASSETCATALOG_COMPILER_APPICON_NAME = AppIcon;
				ASSETCATALOG_COMPILER_GLOBAL_ACCENT_COLOR_NAME = AccentColor;
				CODE_SIGN_STYLE = Automatic;
				DEVELOPMENT_TEAM = GY2RAXB98B;
				INFOPLIST_FILE = "GitFollowers/support-files/Info.plist";
				IPHONEOS_DEPLOYMENT_TARGET = 13.0;
				LD_RUNPATH_SEARCH_PATHS = (
					"$(inherited)",
					"@executable_path/Frameworks",
				);
				PRODUCT_BUNDLE_IDENTIFIER = com.anakriegers.GitFollowers1;
				PRODUCT_NAME = "$(TARGET_NAME)";
				SWIFT_VERSION = 5.0;
				TARGETED_DEVICE_FAMILY = "1,2";
			};
			name = Release;
		};
/* End XCBuildConfiguration section */

/* Begin XCConfigurationList section */
		E8DD460025EEE4C700884392 /* Build configuration list for PBXProject "GitFollowers" */ = {
			isa = XCConfigurationList;
			buildConfigurations = (
				E8DD461725EEE4CA00884392 /* Debug */,
				E8DD461825EEE4CA00884392 /* Release */,
			);
			defaultConfigurationIsVisible = 0;
			defaultConfigurationName = Release;
		};
		E8DD461925EEE4CA00884392 /* Build configuration list for PBXNativeTarget "GitFollowers" */ = {
			isa = XCConfigurationList;
			buildConfigurations = (
				E8DD461A25EEE4CA00884392 /* Debug */,
				E8DD461B25EEE4CA00884392 /* Release */,
			);
			defaultConfigurationIsVisible = 0;
			defaultConfigurationName = Release;
		};
/* End XCConfigurationList section */
	};
	rootObject = E8DD45FD25EEE4C700884392 /* Project object */;
}
